
Microsoft Visual Studio Solution File, Format Version 12.00
# Visual Studio 15
VisualStudioVersion = 15.0.27703.2042
MinimumVisualStudioVersion = 10.0.40219.1
Project("{FAE04EC0-301F-11D3-BF4B-00C04F79EFBC}") = "BethanyPieShop", "BethanyPieShop\BethanyPieShop.csproj", "{62383B26-3E99-48D9-97D7-F63271C153BA}"
EndProject
Global
	GlobalSection(SolutionConfigurationPlatforms) = preSolution
		Debug|Any CPU = Debug|Any CPU
		Release|Any CPU = Release|Any CPU
	EndGlobalSection
	GlobalSection(ProjectConfigurationPlatforms) = postSolution
		{62383B26-3E99-48D9-97D7-F63271C153BA}.Debug|Any CPU.ActiveCfg = Debug|Any CPU
		{62383B26-3E99-48D9-97D7-F63271C153BA}.Debug|Any CPU.Build.0 = Debug|Any CPU
		{62383B26-3E99-48D9-97D7-F63271C153BA}.Release|Any CPU.ActiveCfg = Release|Any CPU
		{62383B26-3E99-48D9-97D7-F63271C153BA}.Release|Any CPU.Build.0 = Release|Any CPU
	EndGlobalSection
	GlobalSection(SolutionProperties) = preSolution
		HideSolutionNode = FALSE
	EndGlobalSection
	GlobalSection(ExtensibilityGlobals) = postSolution
		SolutionGuid = {BB38F7B8-7A29-4D3D-900B-C4EF9C830DD2}
	EndGlobalSection
EndGlobal
